
Microsoft Visual Studio Solution File, Format Version 12.00
# Visual Studio Version 17
VisualStudioVersion = 17.14.36429.23 d17.14
MinimumVisualStudioVersion = 10.0.40219.1
Project("{FAE04EC0-301F-11D3-BF4B-00C04F79EFBC}") = "exemplo_decisao", "exemplo_decisao\exemplo_decisao.csproj", "{BD891702-809C-4594-BC30-926A8C7EA11B}"
EndProject
Global
	GlobalSection(SolutionConfigurationPlatforms) = preSolution
		Debug|Any CPU = Debug|Any CPU
		Release|Any CPU = Release|Any CPU
	EndGlobalSection
	GlobalSection(ProjectConfigurationPlatforms) = postSolution
		{BD891702-809C-4594-BC30-926A8C7EA11B}.Debug|Any CPU.ActiveCfg = Debug|Any CPU
		{BD891702-809C-4594-BC30-926A8C7EA11B}.Debug|Any CPU.Build.0 = Debug|Any CPU
		{BD891702-809C-4594-BC30-926A8C7EA11B}.Release|Any CPU.ActiveCfg = Release|Any CPU
		{BD891702-809C-4594-BC30-926A8C7EA11B}.Release|Any CPU.Build.0 = Release|Any CPU
	EndGlobalSection
	GlobalSection(SolutionProperties) = preSolution
		HideSolutionNode = FALSE
	EndGlobalSection
	GlobalSection(ExtensibilityGlobals) = postSolution
		SolutionGuid = {7A3F71DA-69CC-499D-9338-3D45C4E7229D}
	EndGlobalSection
EndGlobal
